// !$*UTF8*$!
{
	archiveVersion = 1;
	classes = {
	};
	objectVersion = 56;
	objects = {

/* Begin PBXBuildFile section */
		AA9D37742C347FA000FAE0D1 /* AppDelegate.swift in Sources */ = {isa = PBXBuildFile; fileRef = AA9D37732C347FA000FAE0D1 /* AppDelegate.swift */; };
		AA9D37762C347FA000FAE0D1 /* SceneDelegate.swift in Sources */ = {isa = PBXBuildFile; fileRef = AA9D37752C347FA000FAE0D1 /* SceneDelegate.swift */; };
		AA9D377D2C347FA200FAE0D1 /* Assets.xcassets in Resources */ = {isa = PBXBuildFile; fileRef = AA9D377C2C347FA200FAE0D1 /* Assets.xcassets */; };
		AA9D37802C347FA200FAE0D1 /* Base in Resources */ = {isa = PBXBuildFile; fileRef = AA9D377F2C347FA200FAE0D1 /* Base */; };
		AA9D37902C3480C800FAE0D1 /* User.swift in Sources */ = {isa = PBXBuildFile; fileRef = AA9D378F2C3480C800FAE0D1 /* User.swift */; };
		AA9D37932C3480E200FAE0D1 /* Book.swift in Sources */ = {isa = PBXBuildFile; fileRef = AA9D37922C3480E200FAE0D1 /* Book.swift */; };
		AA9D37962C34810600FAE0D1 /* BooksManager.swift in Sources */ = {isa = PBXBuildFile; fileRef = AA9D37952C34810600FAE0D1 /* BooksManager.swift */; };
		AA9D379A2C34814E00FAE0D1 /* AuthManager.swift in Sources */ = {isa = PBXBuildFile; fileRef = AA9D37992C34814E00FAE0D1 /* AuthManager.swift */; };
		AA9D379C2C34817500FAE0D1 /* LikedCollectionViewCell.swift in Sources */ = {isa = PBXBuildFile; fileRef = AA9D379B2C34817500FAE0D1 /* LikedCollectionViewCell.swift */; };
		AA9D379E2C3481BE00FAE0D1 /* DetailedInfoBookViewController.swift in Sources */ = {isa = PBXBuildFile; fileRef = AA9D379D2C3481BE00FAE0D1 /* DetailedInfoBookViewController.swift */; };
		AA9D37A02C3481E300FAE0D1 /* LibraryTableViewCell.swift in Sources */ = {isa = PBXBuildFile; fileRef = AA9D379F2C3481E300FAE0D1 /* LibraryTableViewCell.swift */; };
		AA9D37A22C34820B00FAE0D1 /* AuthViewController.swift in Sources */ = {isa = PBXBuildFile; fileRef = AA9D37A12C34820B00FAE0D1 /* AuthViewController.swift */; };
		AA9D37A42C34822200FAE0D1 /* InfoViewController.swift in Sources */ = {isa = PBXBuildFile; fileRef = AA9D37A32C34822200FAE0D1 /* InfoViewController.swift */; };
		AA9D37A62C34825300FAE0D1 /* TabBarController.swift in Sources */ = {isa = PBXBuildFile; fileRef = AA9D37A52C34825300FAE0D1 /* TabBarController.swift */; };
		AA9D37A82C34827800FAE0D1 /* LikedViewController.swift in Sources */ = {isa = PBXBuildFile; fileRef = AA9D37A72C34827800FAE0D1 /* LikedViewController.swift */; };
		AA9D37AA2C34828C00FAE0D1 /* LibraryViewController.swift in Sources */ = {isa = PBXBuildFile; fileRef = AA9D37A92C34828C00FAE0D1 /* LibraryViewController.swift */; };
		AA9D37B02C34842C00FAE0D1 /* Main.storyboard in Resources */ = {isa = PBXBuildFile; fileRef = AA9D37AE2C34842C00FAE0D1 /* Main.storyboard */; };
		AA9D37B32C3513D800FAE0D1 /* extension+UserDefaults.swift in Sources */ = {isa = PBXBuildFile; fileRef = AA9D37B22C3513D800FAE0D1 /* extension+UserDefaults.swift */; };
		AA9D37B72C351F0400FAE0D1 /* LikedBooksManager.swift in Sources */ = {isa = PBXBuildFile; fileRef = AA9D37B62C351F0400FAE0D1 /* LikedBooksManager.swift */; };
/* End PBXBuildFile section */

/* Begin PBXFileReference section */
		AA9D37702C347FA000FAE0D1 /* Authentication1.app */ = {isa = PBXFileReference; explicitFileType = wrapper.application; includeInIndex = 0; path = Authentication1.app; sourceTree = BUILT_PRODUCTS_DIR; };
		AA9D37732C347FA000FAE0D1 /* AppDelegate.swift */ = {isa = PBXFileReference; lastKnownFileType = sourcecode.swift; path = AppDelegate.swift; sourceTree = "<group>"; };
		AA9D37752C347FA000FAE0D1 /* SceneDelegate.swift */ = {isa = PBXFileReference; lastKnownFileType = sourcecode.swift; path = SceneDelegate.swift; sourceTree = "<group>"; };
		AA9D377C2C347FA200FAE0D1 /* Assets.xcassets */ = {isa = PBXFileReference; lastKnownFileType = folder.assetcatalog; path = Assets.xcassets; sourceTree = "<group>"; };
		AA9D377F2C347FA200FAE0D1 /* Base */ = {isa = PBXFileReference; lastKnownFileType = file.storyboard; name = Base; path = Base.lproj/LaunchScreen.storyboard; sourceTree = "<group>"; };
		AA9D37812C347FA200FAE0D1 /* Info.plist */ = {isa = PBXFileReference; lastKnownFileType = text.plist.xml; path = Info.plist; sourceTree = "<group>"; };
		AA9D378F2C3480C800FAE0D1 /* User.swift */ = {isa = PBXFileReference; lastKnownFileType = sourcecode.swift; path = User.swift; sourceTree = "<group>"; };
		AA9D37922C3480E200FAE0D1 /* Book.swift */ = {isa = PBXFileReference; lastKnownFileType = sourcecode.swift; path = Book.swift; sourceTree = "<group>"; };
		AA9D37952C34810600FAE0D1 /* BooksManager.swift */ = {isa = PBXFileReference; lastKnownFileType = sourcecode.swift; path = BooksManager.swift; sourceTree = "<group>"; };
		AA9D37992C34814E00FAE0D1 /* AuthManager.swift */ = {isa = PBXFileReference; lastKnownFileType = sourcecode.swift; path = AuthManager.swift; sourceTree = "<group>"; };
		AA9D379B2C34817500FAE0D1 /* LikedCollectionViewCell.swift */ = {isa = PBXFileReference; lastKnownFileType = sourcecode.swift; path = LikedCollectionViewCell.swift; sourceTree = "<group>"; };
		AA9D379D2C3481BE00FAE0D1 /* DetailedInfoBookViewController.swift */ = {isa = PBXFileReference; lastKnownFileType = sourcecode.swift; path = DetailedInfoBookViewController.swift; sourceTree = "<group>"; };
		AA9D379F2C3481E300FAE0D1 /* LibraryTableViewCell.swift */ = {isa = PBXFileReference; lastKnownFileType = sourcecode.swift; path = LibraryTableViewCell.swift; sourceTree = "<group>"; };
		AA9D37A12C34820B00FAE0D1 /* AuthViewController.swift */ = {isa = PBXFileReference; lastKnownFileType = sourcecode.swift; path = AuthViewController.swift; sourceTree = "<group>"; };
		AA9D37A32C34822200FAE0D1 /* InfoViewController.swift */ = {isa = PBXFileReference; lastKnownFileType = sourcecode.swift; path = InfoViewController.swift; sourceTree = "<group>"; };
		AA9D37A52C34825300FAE0D1 /* TabBarController.swift */ = {isa = PBXFileReference; lastKnownFileType = sourcecode.swift; path = TabBarController.swift; sourceTree = "<group>"; };
		AA9D37A72C34827800FAE0D1 /* LikedViewController.swift */ = {isa = PBXFileReference; lastKnownFileType = sourcecode.swift; path = LikedViewController.swift; sourceTree = "<group>"; };
		AA9D37A92C34828C00FAE0D1 /* LibraryViewController.swift */ = {isa = PBXFileReference; lastKnownFileType = sourcecode.swift; path = LibraryViewController.swift; sourceTree = "<group>"; };
		AA9D37AF2C34842C00FAE0D1 /* Base */ = {isa = PBXFileReference; lastKnownFileType = file.storyboard; name = Base; path = ../Authentication/Authentication/Base.lproj/Main.storyboard; sourceTree = "<group>"; };
		AA9D37B22C3513D800FAE0D1 /* extension+UserDefaults.swift */ = {isa = PBXFileReference; lastKnownFileType = sourcecode.swift; path = "extension+UserDefaults.swift"; sourceTree = "<group>"; };
		AA9D37B62C351F0400FAE0D1 /* LikedBooksManager.swift */ = {isa = PBXFileReference; lastKnownFileType = sourcecode.swift; path = LikedBooksManager.swift; sourceTree = "<group>"; };
/* End PBXFileReference section */

/* Begin PBXFrameworksBuildPhase section */
		AA9D376D2C347FA000FAE0D1 /* Frameworks */ = {
			isa = PBXFrameworksBuildPhase;
			buildActionMask = 2147483647;
			files = (
			);
			runOnlyForDeploymentPostprocessing = 0;
		};
/* End PBXFrameworksBuildPhase section */

/* Begin PBXGroup section */
		AA9D37672C347FA000FAE0D1 = {
			isa = PBXGroup;
			children = (
				AA9D37722C347FA000FAE0D1 /* Authentication1 */,
				AA9D37712C347FA000FAE0D1 /* Products */,
			);
			sourceTree = "<group>";
		};
		AA9D37712C347FA000FAE0D1 /* Products */ = {
			isa = PBXGroup;
			children = (
				AA9D37702C347FA000FAE0D1 /* Authentication1.app */,
			);
			name = Products;
			sourceTree = "<group>";
		};
		AA9D37722C347FA000FAE0D1 /* Authentication1 */ = {
			isa = PBXGroup;
			children = (
				AA9D37B12C3513C200FAE0D1 /* Extensions */,
				AA9D37732C347FA000FAE0D1 /* AppDelegate.swift */,
				AA9D37752C347FA000FAE0D1 /* SceneDelegate.swift */,
				AA9D37942C3480F600FAE0D1 /* Manager */,
				AA9D37912C3480D700FAE0D1 /* Model */,
				AA9D379B2C34817500FAE0D1 /* LikedCollectionViewCell.swift */,
				AA9D379D2C3481BE00FAE0D1 /* DetailedInfoBookViewController.swift */,
				AA9D379F2C3481E300FAE0D1 /* LibraryTableViewCell.swift */,
				AA9D37A12C34820B00FAE0D1 /* AuthViewController.swift */,
				AA9D37A32C34822200FAE0D1 /* InfoViewController.swift */,
				AA9D37A52C34825300FAE0D1 /* TabBarController.swift */,
				AA9D37A72C34827800FAE0D1 /* LikedViewController.swift */,
				AA9D37A92C34828C00FAE0D1 /* LibraryViewController.swift */,
				AA9D377C2C347FA200FAE0D1 /* Assets.xcassets */,
				AA9D377E2C347FA200FAE0D1 /* LaunchScreen.storyboard */,
				AA9D37812C347FA200FAE0D1 /* Info.plist */,
				AA9D37AE2C34842C00FAE0D1 /* Main.storyboard */,
			);
			path = Authentication1;
			sourceTree = "<group>";
		};
		AA9D37912C3480D700FAE0D1 /* Model */ = {
			isa = PBXGroup;
			children = (
				AA9D378F2C3480C800FAE0D1 /* User.swift */,
				AA9D37922C3480E200FAE0D1 /* Book.swift */,
			);
			path = Model;
			sourceTree = "<group>";
		};
		AA9D37942C3480F600FAE0D1 /* Manager */ = {
			isa = PBXGroup;
			children = (
				AA9D37952C34810600FAE0D1 /* BooksManager.swift */,
				AA9D37992C34814E00FAE0D1 /* AuthManager.swift */,
				AA9D37B62C351F0400FAE0D1 /* LikedBooksManager.swift */,
			);
			path = Manager;
			sourceTree = "<group>";
		};
		AA9D37B12C3513C200FAE0D1 /* Extensions */ = {
			isa = PBXGroup;
			children = (
				AA9D37B22C3513D800FAE0D1 /* extension+UserDefaults.swift */,
			);
			path = Extensions;
			sourceTree = "<group>";
		};
/* End PBXGroup section */

/* Begin PBXNativeTarget section */
		AA9D376F2C347FA000FAE0D1 /* Authentication1 */ = {
			isa = PBXNativeTarget;
			buildConfigurationList = AA9D37842C347FA200FAE0D1 /* Build configuration list for PBXNativeTarget "Authentication1" */;
			buildPhases = (
				AA9D376C2C347FA000FAE0D1 /* Sources */,
				AA9D376D2C347FA000FAE0D1 /* Frameworks */,
				AA9D376E2C347FA000FAE0D1 /* Resources */,
			);
			buildRules = (
			);
			dependencies = (
			);
			name = Authentication1;
			productName = Authentication1;
			productReference = AA9D37702C347FA000FAE0D1 /* Authentication1.app */;
			productType = "com.apple.product-type.application";
		};
/* End PBXNativeTarget section */

/* Begin PBXProject section */
		AA9D37682C347FA000FAE0D1 /* Project object */ = {
			isa = PBXProject;
			attributes = {
				BuildIndependentTargetsInParallel = 1;
				LastSwiftUpdateCheck = 1540;
				LastUpgradeCheck = 1540;
				TargetAttributes = {
					AA9D376F2C347FA000FAE0D1 = {
						CreatedOnToolsVersion = 15.4;
					};
				};
			};
			buildConfigurationList = AA9D376B2C347FA000FAE0D1 /* Build configuration list for PBXProject "Authentication1" */;
			compatibilityVersion = "Xcode 14.0";
			developmentRegion = en;
			hasScannedForEncodings = 0;
			knownRegions = (
				en,
				Base,
			);
			mainGroup = AA9D37672C347FA000FAE0D1;
			productRefGroup = AA9D37712C347FA000FAE0D1 /* Products */;
			projectDirPath = "";
			projectRoot = "";
			targets = (
				AA9D376F2C347FA000FAE0D1 /* Authentication1 */,
			);
		};
/* End PBXProject section */

/* Begin PBXResourcesBuildPhase section */
		AA9D376E2C347FA000FAE0D1 /* Resources */ = {
			isa = PBXResourcesBuildPhase;
			buildActionMask = 2147483647;
			files = (
				AA9D37B02C34842C00FAE0D1 /* Main.storyboard in Resources */,
				AA9D377D2C347FA200FAE0D1 /* Assets.xcassets in Resources */,
				AA9D37802C347FA200FAE0D1 /* Base in Resources */,
			);
			runOnlyForDeploymentPostprocessing = 0;
		};
/* End PBXResourcesBuildPhase section */

/* Begin PBXSourcesBuildPhase section */
		AA9D376C2C347FA000FAE0D1 /* Sources */ = {
			isa = PBXSourcesBuildPhase;
			buildActionMask = 2147483647;
			files = (
				AA9D37A82C34827800FAE0D1 /* LikedViewController.swift in Sources */,
				AA9D37AA2C34828C00FAE0D1 /* LibraryViewController.swift in Sources */,
				AA9D37A22C34820B00FAE0D1 /* AuthViewController.swift in Sources */,
				AA9D37A62C34825300FAE0D1 /* TabBarController.swift in Sources */,
				AA9D37B72C351F0400FAE0D1 /* LikedBooksManager.swift in Sources */,
				AA9D379C2C34817500FAE0D1 /* LikedCollectionViewCell.swift in Sources */,
				AA9D37932C3480E200FAE0D1 /* Book.swift in Sources */,
				AA9D37B32C3513D800FAE0D1 /* extension+UserDefaults.swift in Sources */,
				AA9D379A2C34814E00FAE0D1 /* AuthManager.swift in Sources */,
				AA9D37902C3480C800FAE0D1 /* User.swift in Sources */,
				AA9D37962C34810600FAE0D1 /* BooksManager.swift in Sources */,
				AA9D37742C347FA000FAE0D1 /* AppDelegate.swift in Sources */,
				AA9D379E2C3481BE00FAE0D1 /* DetailedInfoBookViewController.swift in Sources */,
				AA9D37A02C3481E300FAE0D1 /* LibraryTableViewCell.swift in Sources */,
				AA9D37A42C34822200FAE0D1 /* InfoViewController.swift in Sources */,
				AA9D37762C347FA000FAE0D1 /* SceneDelegate.swift in Sources */,
			);
			runOnlyForDeploymentPostprocessing = 0;
		};
/* End PBXSourcesBuildPhase section */

/* Begin PBXVariantGroup section */
		AA9D377E2C347FA200FAE0D1 /* LaunchScreen.storyboard */ = {
			isa = PBXVariantGroup;
			children = (
				AA9D377F2C347FA200FAE0D1 /* Base */,
			);
			name = LaunchScreen.storyboard;
			sourceTree = "<group>";
		};
		AA9D37AE2C34842C00FAE0D1 /* Main.storyboard */ = {
			isa = PBXVariantGroup;
			children = (
				AA9D37AF2C34842C00FAE0D1 /* Base */,
			);
			name = Main.storyboard;
			sourceTree = "<group>";
		};
/* End PBXVariantGroup section */

/* Begin XCBuildConfiguration section */
		AA9D37822C347FA200FAE0D1 /* Debug */ = {
			isa = XCBuildConfiguration;
			buildSettings = {
				ALWAYS_SEARCH_USER_PATHS = NO;
				ASSETCATALOG_COMPILER_GENERATE_SWIFT_ASSET_SYMBOL_EXTENSIONS = YES;
				CLANG_ANALYZER_NONNULL = YES;
				CLANG_ANALYZER_NUMBER_OBJECT_CONVERSION = YES_AGGRESSIVE;
				CLANG_CXX_LANGUAGE_STANDARD = "gnu++20";
				CLANG_ENABLE_MODULES = YES;
				CLANG_ENABLE_OBJC_ARC = YES;
				CLANG_ENABLE_OBJC_WEAK = YES;
				CLANG_WARN_BLOCK_CAPTURE_AUTORELEASING = YES;
				CLANG_WARN_BOOL_CONVERSION = YES;
				CLANG_WARN_COMMA = YES;
				CLANG_WARN_CONSTANT_CONVERSION = YES;
				CLANG_WARN_DEPRECATED_OBJC_IMPLEMENTATIONS = YES;
				CLANG_WARN_DIRECT_OBJC_ISA_USAGE = YES_ERROR;
				CLANG_WARN_DOCUMENTATION_COMMENTS = YES;
				CLANG_WARN_EMPTY_BODY = YES;
				CLANG_WARN_ENUM_CONVERSION = YES;
				CLANG_WARN_INFINITE_RECURSION = YES;
				CLANG_WARN_INT_CONVERSION = YES;
				CLANG_WARN_NON_LITERAL_NULL_CONVERSION = YES;
				CLANG_WARN_OBJC_IMPLICIT_RETAIN_SELF = YES;
				CLANG_WARN_OBJC_LITERAL_CONVERSION = YES;
				CLANG_WARN_OBJC_ROOT_CLASS = YES_ERROR;
				CLANG_WARN_QUOTED_INCLUDE_IN_FRAMEWORK_HEADER = YES;
				CLANG_WARN_RANGE_LOOP_ANALYSIS = YES;
				CLANG_WARN_STRICT_PROTOTYPES = YES;
				CLANG_WARN_SUSPICIOUS_MOVE = YES;
				CLANG_WARN_UNGUARDED_AVAILABILITY = YES_AGGRESSIVE;
				CLANG_WARN_UNREACHABLE_CODE = YES;
				CLANG_WARN__DUPLICATE_METHOD_MATCH = YES;
				COPY_PHASE_STRIP = NO;
				DEBUG_INFORMATION_FORMAT = dwarf;
				ENABLE_STRICT_OBJC_MSGSEND = YES;
				ENABLE_TESTABILITY = YES;
				ENABLE_USER_SCRIPT_SANDBOXING = YES;
				GCC_C_LANGUAGE_STANDARD = gnu17;
				GCC_DYNAMIC_NO_PIC = NO;
				GCC_NO_COMMON_BLOCKS = YES;
				GCC_OPTIMIZATION_LEVEL = 0;
				GCC_PREPROCESSOR_DEFINITIONS = (
					"DEBUG=1",
					"$(inherited)",
				);
				GCC_WARN_64_TO_32_BIT_CONVERSION = YES;
				GCC_WARN_ABOUT_RETURN_TYPE = YES_ERROR;
				GCC_WARN_UNDECLARED_SELECTOR = YES;
				GCC_WARN_UNINITIALIZED_AUTOS = YES_AGGRESSIVE;
				GCC_WARN_UNUSED_FUNCTION = YES;
				GCC_WARN_UNUSED_VARIABLE = YES;
				IPHONEOS_DEPLOYMENT_TARGET = 17.5;
				LOCALIZATION_PREFERS_STRING_CATALOGS = YES;
				MTL_ENABLE_DEBUG_INFO = INCLUDE_SOURCE;
				MTL_FAST_MATH = YES;
				ONLY_ACTIVE_ARCH = YES;
				SDKROOT = iphoneos;
				SWIFT_ACTIVE_COMPILATION_CONDITIONS = "DEBUG $(inherited)";
				SWIFT_OPTIMIZATION_LEVEL = "-Onone";
			};
			name = Debug;
		};
		AA9D37832C347FA200FAE0D1 /* Release */ = {
			isa = XCBuildConfiguration;
			buildSettings = {
				ALWAYS_SEARCH_USER_PATHS = NO;
				ASSETCATALOG_COMPILER_GENERATE_SWIFT_ASSET_SYMBOL_EXTENSIONS = YES;
				CLANG_ANALYZER_NONNULL = YES;
				CLANG_ANALYZER_NUMBER_OBJECT_CONVERSION = YES_AGGRESSIVE;
				CLANG_CXX_LANGUAGE_STANDARD = "gnu++20";
				CLANG_ENABLE_MODULES = YES;
				CLANG_ENABLE_OBJC_ARC = YES;
				CLANG_ENABLE_OBJC_WEAK = YES;
				CLANG_WARN_BLOCK_CAPTURE_AUTORELEASING = YES;
				CLANG_WARN_BOOL_CONVERSION = YES;
				CLANG_WARN_COMMA = YES;
				CLANG_WARN_CONSTANT_CONVERSION = YES;
				CLANG_WARN_DEPRECATED_OBJC_IMPLEMENTATIONS = YES;
				CLANG_WARN_DIRECT_OBJC_ISA_USAGE = YES_ERROR;
				CLANG_WARN_DOCUMENTATION_COMMENTS = YES;
				CLANG_WARN_EMPTY_BODY = YES;
				CLANG_WARN_ENUM_CONVERSION = YES;
				CLANG_WARN_INFINITE_RECURSION = YES;
				CLANG_WARN_INT_CONVERSION = YES;
				CLANG_WARN_NON_LITERAL_NULL_CONVERSION = YES;
				CLANG_WARN_OBJC_IMPLICIT_RETAIN_SELF = YES;
				CLANG_WARN_OBJC_LITERAL_CONVERSION = YES;
				CLANG_WARN_OBJC_ROOT_CLASS = YES_ERROR;
				CLANG_WARN_QUOTED_INCLUDE_IN_FRAMEWORK_HEADER = YES;
				CLANG_WARN_RANGE_LOOP_ANALYSIS = YES;
				CLANG_WARN_STRICT_PROTOTYPES = YES;
				CLANG_WARN_SUSPICIOUS_MOVE = YES;
				CLANG_WARN_UNGUARDED_AVAILABILITY = YES_AGGRESSIVE;
				CLANG_WARN_UNREACHABLE_CODE = YES;
				CLANG_WARN__DUPLICATE_METHOD_MATCH = YES;
				COPY_PHASE_STRIP = NO;
				DEBUG_INFORMATION_FORMAT = "dwarf-with-dsym";
				ENABLE_NS_ASSERTIONS = NO;
				ENABLE_STRICT_OBJC_MSGSEND = YES;
				ENABLE_USER_SCRIPT_SANDBOXING = YES;
				GCC_C_LANGUAGE_STANDARD = gnu17;
				GCC_NO_COMMON_BLOCKS = YES;
				GCC_WARN_64_TO_32_BIT_CONVERSION = YES;
				GCC_WARN_ABOUT_RETURN_TYPE = YES_ERROR;
				GCC_WARN_UNDECLARED_SELECTOR = YES;
				GCC_WARN_UNINITIALIZED_AUTOS = YES_AGGRESSIVE;
				GCC_WARN_UNUSED_FUNCTION = YES;
				GCC_WARN_UNUSED_VARIABLE = YES;
				IPHONEOS_DEPLOYMENT_TARGET = 17.5;
				LOCALIZATION_PREFERS_STRING_CATALOGS = YES;
				MTL_ENABLE_DEBUG_INFO = NO;
				MTL_FAST_MATH = YES;
				SDKROOT = iphoneos;
				SWIFT_COMPILATION_MODE = wholemodule;
				VALIDATE_PRODUCT = YES;
			};
			name = Release;
		};
		AA9D37852C347FA200FAE0D1 /* Debug */ = {
			isa = XCBuildConfiguration;
			buildSettings = {
				ASSETCATALOG_COMPILER_APPICON_NAME = AppIcon;
				ASSETCATALOG_COMPILER_GLOBAL_ACCENT_COLOR_NAME = AccentColor;
				CODE_SIGN_STYLE = Automatic;
				CURRENT_PROJECT_VERSION = 1;
				DEVELOPMENT_TEAM = 76PSY2Z2S3;
				GENERATE_INFOPLIST_FILE = YES;
				INFOPLIST_FILE = Authentication1/Info.plist;
				INFOPLIST_KEY_UIApplicationSupportsIndirectInputEvents = YES;
				INFOPLIST_KEY_UILaunchStoryboardName = LaunchScreen;
				INFOPLIST_KEY_UIMainStoryboardFile = Main;
				INFOPLIST_KEY_UISupportedInterfaceOrientations_iPad = "UIInterfaceOrientationPortrait UIInterfaceOrientationPortraitUpsideDown UIInterfaceOrientationLandscapeLeft UIInterfaceOrientationLandscapeRight";
				INFOPLIST_KEY_UISupportedInterfaceOrientations_iPhone = "UIInterfaceOrientationPortrait UIInterfaceOrientationLandscapeLeft UIInterfaceOrientationLandscapeRight";
				LD_RUNPATH_SEARCH_PATHS = (
					"$(inherited)",
					"@executable_path/Frameworks",
				);
				MARKETING_VERSION = 1.0;
				PRODUCT_BUNDLE_IDENTIFIER = com.kalininpavel.Authentication1;
				PRODUCT_NAME = "$(TARGET_NAME)";
				SWIFT_EMIT_LOC_STRINGS = YES;
				SWIFT_VERSION = 5.0;
				TARGETED_DEVICE_FAMILY = "1,2";
			};
			name = Debug;
		};
		AA9D37862C347FA200FAE0D1 /* Release */ = {
			isa = XCBuildConfiguration;
			buildSettings = {
				ASSETCATALOG_COMPILER_APPICON_NAME = AppIcon;
				ASSETCATALOG_COMPILER_GLOBAL_ACCENT_COLOR_NAME = AccentColor;
				CODE_SIGN_STYLE = Automatic;
				CURRENT_PROJECT_VERSION = 1;
				DEVELOPMENT_TEAM = 76PSY2Z2S3;
				GENERATE_INFOPLIST_FILE = YES;
				INFOPLIST_FILE = Authentication1/Info.plist;
				INFOPLIST_KEY_UIApplicationSupportsIndirectInputEvents = YES;
				INFOPLIST_KEY_UILaunchStoryboardName = LaunchScreen;
				INFOPLIST_KEY_UIMainStoryboardFile = Main;
				INFOPLIST_KEY_UISupportedInterfaceOrientations_iPad = "UIInterfaceOrientationPortrait UIInterfaceOrientationPortraitUpsideDown UIInterfaceOrientationLandscapeLeft UIInterfaceOrientationLandscapeRight";
				INFOPLIST_KEY_UISupportedInterfaceOrientations_iPhone = "UIInterfaceOrientationPortrait UIInterfaceOrientationLandscapeLeft UIInterfaceOrientationLandscapeRight";
				LD_RUNPATH_SEARCH_PATHS = (
					"$(inherited)",
					"@executable_path/Frameworks",
				);
				MARKETING_VERSION = 1.0;
				PRODUCT_BUNDLE_IDENTIFIER = com.kalininpavel.Authentication1;
				PRODUCT_NAME = "$(TARGET_NAME)";
				SWIFT_EMIT_LOC_STRINGS = YES;
				SWIFT_VERSION = 5.0;
				TARGETED_DEVICE_FAMILY = "1,2";
			};
			name = Release;
		};
/* End XCBuildConfiguration section */

/* Begin XCConfigurationList section */
		AA9D376B2C347FA000FAE0D1 /* Build configuration list for PBXProject "Authentication1" */ = {
			isa = XCConfigurationList;
			buildConfigurations = (
				AA9D37822C347FA200FAE0D1 /* Debug */,
				AA9D37832C347FA200FAE0D1 /* Release */,
			);
			defaultConfigurationIsVisible = 0;
			defaultConfigurationName = Release;
		};
		AA9D37842C347FA200FAE0D1 /* Build configuration list for PBXNativeTarget "Authentication1" */ = {
			isa = XCConfigurationList;
			buildConfigurations = (
				AA9D37852C347FA200FAE0D1 /* Debug */,
				AA9D37862C347FA200FAE0D1 /* Release */,
			);
			defaultConfigurationIsVisible = 0;
			defaultConfigurationName = Release;
		};
/* End XCConfigurationList section */
	};
	rootObject = AA9D37682C347FA000FAE0D1 /* Project object */;
}
